
Microsoft Visual Studio Solution File, Format Version 12.00
# Visual Studio 14
VisualStudioVersion = 14.0.25420.1
MinimumVisualStudioVersion = 10.0.40219.1
Project("{FAE04EC0-301F-11D3-BF4B-00C04F79EFBC}") = "MQUESTSYS", "MQUESTSYS\MQUESTSYS.csproj", "{B750C9D2-3AB1-4DEF-9172-61690F3E66EA}"
EndProject
Project("{FAE04EC0-301F-11D3-BF4B-00C04F79EFBC}") = "MQUESTSYS.Models", "MQUESTSYS.Models\MQUESTSYS.Models.csproj", "{D9FD2576-30D7-4347-A469-68E50335C957}"
EndProject
Project("{FAE04EC0-301F-11D3-BF4B-00C04F79EFBC}") = "MQUESTSYS.EDM", "MQUESTSYS.EDM\MQUESTSYS.EDM.csproj", "{D8263B1A-A382-4A90-A9B3-85743194E807}"
EndProject
Project("{FAE04EC0-301F-11D3-BF4B-00C04F79EFBC}") = "MQUESTSYS.DA", "MQUESTSYS.DA\MQUESTSYS.DA.csproj", "{36740731-8C87-42E4-A623-EA450A7DB818}"
EndProject
Project("{FAE04EC0-301F-11D3-BF4B-00C04F79EFBC}") = "MQUESTSYS.BF", "MQUESTSYS.BF\MQUESTSYS.BF.csproj", "{710F5AA8-AF98-47EB-BADD-2F4D16FF2732}"
EndProject
Project("{FAE04EC0-301F-11D3-BF4B-00C04F79EFBC}") = "MQUESTSYS.Util", "MQUESTSYS.Util\MQUESTSYS.Util.csproj", "{5CFC4A51-316A-418E-B7BF-7D9A2DEA59E7}"
EndProject
Project("{FAE04EC0-301F-11D3-BF4B-00C04F79EFBC}") = "MQUESTSYS.ReportEDS", "MQUESTSYS.ReportEDS\MQUESTSYS.ReportEDS.csproj", "{7EADA648-3B96-4473-9239-945CD0ABAEFB}"
EndProject
Global
	GlobalSection(SolutionConfigurationPlatforms) = preSolution
		Debug|Any CPU = Debug|Any CPU
		Release|Any CPU = Release|Any CPU
	EndGlobalSection
	GlobalSection(ProjectConfigurationPlatforms) = postSolution
		{B750C9D2-3AB1-4DEF-9172-61690F3E66EA}.Debug|Any CPU.ActiveCfg = Debug|Any CPU
		{B750C9D2-3AB1-4DEF-9172-61690F3E66EA}.Debug|Any CPU.Build.0 = Debug|Any CPU
		{B750C9D2-3AB1-4DEF-9172-61690F3E66EA}.Release|Any CPU.ActiveCfg = Release|Any CPU
		{B750C9D2-3AB1-4DEF-9172-61690F3E66EA}.Release|Any CPU.Build.0 = Release|Any CPU
		{D9FD2576-30D7-4347-A469-68E50335C957}.Debug|Any CPU.ActiveCfg = Debug|Any CPU
		{D9FD2576-30D7-4347-A469-68E50335C957}.Debug|Any CPU.Build.0 = Debug|Any CPU
		{D9FD2576-30D7-4347-A469-68E50335C957}.Release|Any CPU.ActiveCfg = Release|Any CPU
		{D9FD2576-30D7-4347-A469-68E50335C957}.Release|Any CPU.Build.0 = Release|Any CPU
		{D8263B1A-A382-4A90-A9B3-85743194E807}.Debug|Any CPU.ActiveCfg = Debug|Any CPU
		{D8263B1A-A382-4A90-A9B3-85743194E807}.Debug|Any CPU.Build.0 = Debug|Any CPU
		{D8263B1A-A382-4A90-A9B3-85743194E807}.Release|Any CPU.ActiveCfg = Release|Any CPU
		{D8263B1A-A382-4A90-A9B3-85743194E807}.Release|Any CPU.Build.0 = Release|Any CPU
		{36740731-8C87-42E4-A623-EA450A7DB818}.Debug|Any CPU.ActiveCfg = Debug|Any CPU
		{36740731-8C87-42E4-A623-EA450A7DB818}.Debug|Any CPU.Build.0 = Debug|Any CPU
		{36740731-8C87-42E4-A623-EA450A7DB818}.Release|Any CPU.ActiveCfg = Release|Any CPU
		{36740731-8C87-42E4-A623-EA450A7DB818}.Release|Any CPU.Build.0 = Release|Any CPU
		{710F5AA8-AF98-47EB-BADD-2F4D16FF2732}.Debug|Any CPU.ActiveCfg = Debug|Any CPU
		{710F5AA8-AF98-47EB-BADD-2F4D16FF2732}.Debug|Any CPU.Build.0 = Debug|Any CPU
		{710F5AA8-AF98-47EB-BADD-2F4D16FF2732}.Release|Any CPU.ActiveCfg = Release|Any CPU
		{710F5AA8-AF98-47EB-BADD-2F4D16FF2732}.Release|Any CPU.Build.0 = Release|Any CPU
		{5CFC4A51-316A-418E-B7BF-7D9A2DEA59E7}.Debug|Any CPU.ActiveCfg = Debug|Any CPU
		{5CFC4A51-316A-418E-B7BF-7D9A2DEA59E7}.Debug|Any CPU.Build.0 = Debug|Any CPU
		{5CFC4A51-316A-418E-B7BF-7D9A2DEA59E7}.Release|Any CPU.ActiveCfg = Release|Any CPU
		{5CFC4A51-316A-418E-B7BF-7D9A2DEA59E7}.Release|Any CPU.Build.0 = Release|Any CPU
		{7EADA648-3B96-4473-9239-945CD0ABAEFB}.Debug|Any CPU.ActiveCfg = Debug|Any CPU
		{7EADA648-3B96-4473-9239-945CD0ABAEFB}.Debug|Any CPU.Build.0 = Debug|Any CPU
		{7EADA648-3B96-4473-9239-945CD0ABAEFB}.Release|Any CPU.ActiveCfg = Release|Any CPU
		{7EADA648-3B96-4473-9239-945CD0ABAEFB}.Release|Any CPU.Build.0 = Release|Any CPU
	EndGlobalSection
	GlobalSection(SolutionProperties) = preSolution
		HideSolutionNode = FALSE
	EndGlobalSection
EndGlobal
